
Microsoft Visual Studio Solution File, Format Version 12.00
# Visual Studio 15
VisualStudioVersion = 15.0.27004.2005
MinimumVisualStudioVersion = 10.0.40219.1
Project("{FAE04EC0-301F-11D3-BF4B-00C04F79EFBC}") = "Week9", "Week9\Week9.csproj", "{CE9B9780-5152-4AE7-A38B-A1F2A20F6505}"
EndProject
Global
	GlobalSection(SolutionConfigurationPlatforms) = preSolution
		Debug|Any CPU = Debug|Any CPU
		Release|Any CPU = Release|Any CPU
	EndGlobalSection
	GlobalSection(ProjectConfigurationPlatforms) = postSolution
		{CE9B9780-5152-4AE7-A38B-A1F2A20F6505}.Debug|Any CPU.ActiveCfg = Debug|Any CPU
		{CE9B9780-5152-4AE7-A38B-A1F2A20F6505}.Debug|Any CPU.Build.0 = Debug|Any CPU
		{CE9B9780-5152-4AE7-A38B-A1F2A20F6505}.Release|Any CPU.ActiveCfg = Release|Any CPU
		{CE9B9780-5152-4AE7-A38B-A1F2A20F6505}.Release|Any CPU.Build.0 = Release|Any CPU
	EndGlobalSection
	GlobalSection(SolutionProperties) = preSolution
		HideSolutionNode = FALSE
	EndGlobalSection
	GlobalSection(ExtensibilityGlobals) = postSolution
		SolutionGuid = {1FF53921-99F0-46C4-A31C-CE782832EB46}
	EndGlobalSection
EndGlobal
